schema: '2.0'
stages:
  preprocess:
    cmd: python source/preprocess.py
    deps:
    - path: data/raw/
      hash: md5
      md5: 47561e9b7e7b26531a5913084256c1c1.dir
      size: 1180249672
      nfiles: 601
    - path: source/preprocess.py
      hash: md5
      md5: 1b5c4eb6eee38314559e53d36c756a19
      size: 5418
    params:
      params.yaml:
        preprocess.audio_dir: data/raw/single_track/separated_jazz_track_stems
        preprocess.buffer_size: 128
        preprocess.hop_length: 1024
        preprocess.midi_dir: data/raw/single_track/midi_solos
        preprocess.n_fft: 1024
        preprocess.win_length: 1024
    outs:
    - path: data/processed/
      hash: md5
      md5: 18996980b170b23baadef3f57a52a096.dir
      size: 106669062
      nfiles: 1
  train:
    cmd: python source/train.py
    deps:
    - path: data/processed/
      hash: md5
      md5: 18996980b170b23baadef3f57a52a096.dir
      size: 106669062
      nfiles: 1
    - path: source/model.py
      hash: md5
      md5: 1456a82a5825d530faeb2b5bc694d7cb
      size: 558
    - path: source/train.py
      hash: md5
      md5: 92a7d31a07669bc1483949f161904a8c
      size: 5753
    params:
      params.yaml:
        model.hidden_size: 50
        model.num_lstm_layers: 2
        train.batch_size: 4096
        train.epochs: 100
        train.learning_rate: 0.0001
    outs:
    - path: models/checkpoints/
      hash: md5
      md5: e5050d4815eb21c5fabedb8a0e3affb4.dir
      size: 561990
      nfiles: 1
  save_logs:
    cmd: python source/utils/logs.py
    deps:
    - path: source/utils/logs.py
      hash: md5
      md5: c02425092772f434f06560a38e1960fd
      size: 9135
    outs:
    - path: exp_logs/
      hash: md5
      md5: f4db342ac1b13210c7bc7883bbc584ba.dir
      size: 103460
      nfiles: 2
