schema: '2.0'
stages:
  preprocess:
    cmd: python source/preprocess.py
    deps:
    - path: data/raw/
      hash: md5
      md5: 47561e9b7e7b26531a5913084256c1c1.dir
      size: 1180272297
      nfiles: 601
    - path: source/preprocess.py
      hash: md5
      md5: 6fb19cab9f18db022d8a8241f37505b6
      size: 5556
    params:
      params.yaml:
        preprocess.audio_dir: data/raw/single_track/separated_jazz_track_stems
        preprocess.buffer_size: 128
        preprocess.hop_length: 1024
        preprocess.midi_dir: data/raw/single_track/midi_solos
        preprocess.n_fft: 1024
        preprocess.win_length: 1024
    outs:
    - path: data/processed/
      hash: md5
      md5: 7526580159be7b705cb8fcc3943640dd.dir
      size: 106669062
      nfiles: 1
  train:
    cmd: python source/train.py
    deps:
    - path: data/processed/
      hash: md5
      md5: 7526580159be7b705cb8fcc3943640dd.dir
      size: 106669062
      nfiles: 1
    - path: source/model.py
      hash: md5
      md5: cdbe71b9c3578d92f8042de98d287b7f
      size: 885
    - path: source/train.py
      hash: md5
      md5: 332a3cbf1e4e534619ab7d44860f3f93
      size: 10908
    params:
      params.yaml:
        model.hidden_size: 50
        model.num_lstm_layers: 2
        train.batch_size: 4096
        train.device_request: cuda
        train.epochs: 10
        train.learning_rate: 0.01
        train.num_eval_batches: 10
    outs:
    - path: models/checkpoints/
      hash: md5
      md5: 54ce9f98166a700690e4f338b2a9d27f.dir
      size: 562908
      nfiles: 1
  save_logs:
    cmd: python source/utils/logs.py
    deps:
    - path: source/utils/logs.py
      hash: md5
      md5: c02425092772f434f06560a38e1960fd
      size: 9135
    outs:
    - path: exp_logs/
      hash: md5
      md5: ad66f434a0cc771a9c1b853a2295957d.dir
      size: 37475676
      nfiles: 2
